
Microsoft Visual Studio Solution File, Format Version 12.00
# Visual Studio 14
VisualStudioVersion = 14.0.22609.0
MinimumVisualStudioVersion = 10.0.40219.1
Project("{FAE04EC0-301F-11D3-BF4B-00C04F79EFBC}") = "HelloWorld", "HelloWorld\HelloWorld.csproj", "{91C5E005-8C6C-4FA8-BD31-7DC44B38D84D}"
EndProject
Project("{FAE04EC0-301F-11D3-BF4B-00C04F79EFBC}") = "Sample", "Sample\Sample.csproj", "{2806B8E5-8415-4460-B385-D17C255280D3}"
EndProject
Project("{FAE04EC0-301F-11D3-BF4B-00C04F79EFBC}") = "HackingGit", "HackingGit\HackingGit.csproj", "{486A2219-F7B9-41D3-BAD6-63661AE28DCF}"
EndProject
Project("{FAE04EC0-301F-11D3-BF4B-00C04F79EFBC}") = "MethodLength", "MethodLength\MethodLength.csproj", "{B4C0A210-40AB-4346-BDF9-E64412970F2A}"
EndProject
Global
	GlobalSection(SolutionConfigurationPlatforms) = preSolution
		Debug|Any CPU = Debug|Any CPU
		Release|Any CPU = Release|Any CPU
	EndGlobalSection
	GlobalSection(ProjectConfigurationPlatforms) = postSolution
		{91C5E005-8C6C-4FA8-BD31-7DC44B38D84D}.Debug|Any CPU.ActiveCfg = Debug|Any CPU
		{91C5E005-8C6C-4FA8-BD31-7DC44B38D84D}.Debug|Any CPU.Build.0 = Debug|Any CPU
		{91C5E005-8C6C-4FA8-BD31-7DC44B38D84D}.Release|Any CPU.ActiveCfg = Release|Any CPU
		{91C5E005-8C6C-4FA8-BD31-7DC44B38D84D}.Release|Any CPU.Build.0 = Release|Any CPU
		{2806B8E5-8415-4460-B385-D17C255280D3}.Debug|Any CPU.ActiveCfg = Debug|Any CPU
		{2806B8E5-8415-4460-B385-D17C255280D3}.Debug|Any CPU.Build.0 = Debug|Any CPU
		{2806B8E5-8415-4460-B385-D17C255280D3}.Release|Any CPU.ActiveCfg = Release|Any CPU
		{2806B8E5-8415-4460-B385-D17C255280D3}.Release|Any CPU.Build.0 = Release|Any CPU
		{486A2219-F7B9-41D3-BAD6-63661AE28DCF}.Debug|Any CPU.ActiveCfg = Debug|Any CPU
		{486A2219-F7B9-41D3-BAD6-63661AE28DCF}.Debug|Any CPU.Build.0 = Debug|Any CPU
		{486A2219-F7B9-41D3-BAD6-63661AE28DCF}.Release|Any CPU.ActiveCfg = Release|Any CPU
		{486A2219-F7B9-41D3-BAD6-63661AE28DCF}.Release|Any CPU.Build.0 = Release|Any CPU
		{B4C0A210-40AB-4346-BDF9-E64412970F2A}.Debug|Any CPU.ActiveCfg = Debug|Any CPU
		{B4C0A210-40AB-4346-BDF9-E64412970F2A}.Debug|Any CPU.Build.0 = Debug|Any CPU
		{B4C0A210-40AB-4346-BDF9-E64412970F2A}.Release|Any CPU.ActiveCfg = Release|Any CPU
		{B4C0A210-40AB-4346-BDF9-E64412970F2A}.Release|Any CPU.Build.0 = Release|Any CPU
	EndGlobalSection
	GlobalSection(SolutionProperties) = preSolution
		HideSolutionNode = FALSE
	EndGlobalSection
EndGlobal
